
Microsoft Visual Studio Solution File, Format Version 12.00
# Visual Studio 15
VisualStudioVersion = 15.0.28307.106
MinimumVisualStudioVersion = 10.0.40219.1
Project("{FAE04EC0-301F-11D3-BF4B-00C04F79EFBC}") = "TridionDocsTopicLink", "TridionDocsTopicLink\TridionDocsTopicLink.csproj", "{C31ADEBE-018E-40BC-8EF6-21FC002112BA}"
EndProject
Global
	GlobalSection(SolutionConfigurationPlatforms) = preSolution
		Debug|Any CPU = Debug|Any CPU
		Release|Any CPU = Release|Any CPU
	EndGlobalSection
	GlobalSection(ProjectConfigurationPlatforms) = postSolution
		{C31ADEBE-018E-40BC-8EF6-21FC002112BA}.Debug|Any CPU.ActiveCfg = Debug|Any CPU
		{C31ADEBE-018E-40BC-8EF6-21FC002112BA}.Debug|Any CPU.Build.0 = Debug|Any CPU
		{C31ADEBE-018E-40BC-8EF6-21FC002112BA}.Release|Any CPU.ActiveCfg = Release|Any CPU
		{C31ADEBE-018E-40BC-8EF6-21FC002112BA}.Release|Any CPU.Build.0 = Release|Any CPU
	EndGlobalSection
	GlobalSection(SolutionProperties) = preSolution
		HideSolutionNode = FALSE
	EndGlobalSection
	GlobalSection(ExtensibilityGlobals) = postSolution
		SolutionGuid = {CF5F298B-2894-436C-9F00-E6AB396EECBB}
	EndGlobalSection
EndGlobal
